<Solution>
  <Folder Name="/src/">
    <Project Path="src/TodoApp.Api/TodoApp.Api.csproj" />
    <Project Path="src/TodoApp.Application/TodoApp.Application.csproj" />
    <Project Path="src/TodoApp.Domain/TodoApp.Domain.csproj" />
    <Project Path="src/TodoApp.Infrastructure/TodoApp.Infrastructure.csproj" />
    <Project Path="src/TodoApp.Shared/TodoApp.Shared.csproj" />
  </Folder>
</Solution>
